# THIS IS AN AUTOGENERATED FILE. DO NOT EDIT THIS FILE DIRECTLY.
# yarn lockfile v1


immer@^6.0.8:
  version "6.0.8"
  resolved "https://registry.yarnpkg.com/immer/-/immer-6.0.8.tgz#3758890d66ed7baed5703b9e0763785a16156478"
  integrity sha512-wmVdrkqL6OzhX5z2k/c0t8g+YzGy+V8B/r1GRdCTO0UcTiFkB0XVAxpJQT045KaNV2u14HzbLCYKJmt7yVCakg==
